
Microsoft Visual Studio Solution File, Format Version 12.00
# Visual Studio 2015
Project("{FAE04EC0-301F-11D3-BF4B-00C04F79EFBC}") = "weeklyGame2.CSharp", "weeklyGame2.CSharp.csproj", "{1FE89CA2-B99A-3EFE-D20E-2856CA4BA0BD}"
EndProject
Global
	GlobalSection(SolutionConfigurationPlatforms) = preSolution
		Debug|Any CPU = Debug|Any CPU
		Release|Any CPU = Release|Any CPU
	EndGlobalSection
	GlobalSection(ProjectConfigurationPlatforms) = postSolution
		{1FE89CA2-B99A-3EFE-D20E-2856CA4BA0BD}.Debug|Any CPU.ActiveCfg = Debug|Any CPU
		{1FE89CA2-B99A-3EFE-D20E-2856CA4BA0BD}.Debug|Any CPU.Build.0 = Debug|Any CPU
		{1FE89CA2-B99A-3EFE-D20E-2856CA4BA0BD}.Release|Any CPU.ActiveCfg = Release|Any CPU
		{1FE89CA2-B99A-3EFE-D20E-2856CA4BA0BD}.Release|Any CPU.Build.0 = Release|Any CPU
	EndGlobalSection
	GlobalSection(SolutionProperties) = preSolution
		HideSolutionNode = FALSE
	EndGlobalSection
EndGlobal
